{
  "version": 1,
  "dependencies": {
    "net10.0-windows7.0": {
      "DalamudPackager": {
        "type": "Direct",
        "requested": "[14.0.0, )",
        "resolved": "14.0.0",
        "contentHash": "9c1q/eAeAs82mkQWBOaCvbt3GIQxAIadz5b/7pCXDIy9nHPtnRc+tDXEvKR+M36Wvi7n+qBTevRupkLUQp6DFA=="
      },
      "DotNet.ReproducibleBuilds": {
        "type": "Direct",
        "requested": "[1.2.39, )",
        "resolved": "1.2.39",
        "contentHash": "fcFN01tDTIQqDuTwr1jUQK/geofiwjG5DycJQOnC72i1SsLAk1ELe+apBOuZ11UMQG8YKFZG1FgvjZPbqHyatg=="
      },
      "Lumina": {
        "type": "Direct",
        "requested": "[7.1.0, )",
        "resolved": "7.1.0",
        "contentHash": "7zjreOpMXOhf+m5uTefoLZO6Mt3y68XhK036eDOS5JJ8yuIjAgFteWkzdCRcss8+PH5skMnDMDUZoTJJefQCtg==",
        "dependencies": {
          "BCnEncoder.Net": "2.2.1",
          "Microsoft.Extensions.ObjectPool": "10.0.0"
        }
      },
      "Lumina.Excel": {
        "type": "Direct",
        "requested": "[7.4.0, )",
        "resolved": "7.4.0",
        "contentHash": "RlJT0Xc1bltPrnsy1ZlLsrTDNOnQNfyxDT37xkCW7mr3w9IjhklsL9J+/+aM31G1Uv0g01AjwHm6RQKdKYi6HQ==",
        "dependencies": {
          "Lumina": "7.1.0"
        }
      },
      "LuminaSupplemental.Excel": {
        "type": "Direct",
        "requested": "[3.1.0, )",
        "resolved": "3.1.0",
        "contentHash": "U55v3kpjKXLe5uQ6Su7WFVnY1G382kZzPg/Z/mhVF3K758rStLUvrXDLL0x5CLFQHK2fTU2dCx3BHVXsMUySaw==",
        "dependencies": {
          "CSVFile": "3.2.0",
          "CsvHelper": "30.0.1",
          "Sylvan.Data.Csv": "1.3.9"
        }
      },
      "Newtonsoft.Json": {
        "type": "Direct",
        "requested": "[13.0.4, )",
        "resolved": "13.0.4",
        "contentHash": "pdgNNMai3zv51W5aq268sujXUyx7SNdE2bj1wZcWjAQrKMFZV260lbqYop1d2GM67JI1huLRwxo9ZqnfF/lC6A=="
      },
      "SixLabors.ImageSharp": {
        "type": "Direct",
        "requested": "[3.1.12, )",
        "resolved": "3.1.12",
        "contentHash": "iAg6zifihXEFS/t7fiHhZBGAdCp3FavsF4i2ZIDp0JfeYeDVzvmlbY1CNhhIKimaIzrzSi5M/NBFcWvZT2rB/A=="
      },
      "SixLabors.ImageSharp.Web": {
        "type": "Direct",
        "requested": "[3.2.0, )",
        "resolved": "3.2.0",
        "contentHash": "tnNRGdPQNOclZ6WNZkVISDxVZNQj2TYDy//MgwHPvOtdkad/dOc/aD2G00csnzaCelpuI9/IyZ7TPZ3oHCXKPw==",
        "dependencies": {
          "Microsoft.IO.RecyclableMemoryStream": "3.0.1",
          "SixLabors.ImageSharp": "3.1.11"
        }
      },
      "YamlDotNet": {
        "type": "Direct",
        "requested": "[16.3.0, )",
        "resolved": "16.3.0",
        "contentHash": "SgMOdxbz8X65z8hraIs6hOEdnkH6hESTAIUa7viEngHOYaH+6q5XJmwr1+yb9vJpNQ19hCQY69xbFsLtXpobQA=="
      },
      "BCnEncoder.Net": {
        "type": "Transitive",
        "resolved": "2.2.1",
        "contentHash": "tI5+/OQo0kciLqWrViRjpOH+IL3FjexYnoWZajiGV41g/EM9CGbWsxsPzBDmpoxNkrV9uox/EtIhCIi9chBSFw==",
        "dependencies": {
          "CommunityToolkit.HighPerformance": "8.4.0"
        }
      },
      "CommunityToolkit.HighPerformance": {
        "type": "Transitive",
        "resolved": "8.4.0",
        "contentHash": "flxspiBs0G/0GMp7IK2J2ijV9bTG6hEwFc/z6ekHqB6nwRJ4Ry2yLdx+TkbCUYFCl4XhABkAwomeKbT6zM2Zlg=="
      },
      "CSVFile": {
        "type": "Transitive",
        "resolved": "3.2.0",
        "contentHash": "sEVTg2rdBomJbh5bKCQqBtTgA0ojnkMab/hGwQ73UWy20n8jcJTLZ2dDKmnKPD0kTHMEeJK9TXpCgHn+RMcBYg=="
      },
      "CsvHelper": {
        "type": "Transitive",
        "resolved": "30.0.1",
        "contentHash": "rcZtgbWR+As4G3Vpgx0AMNmShGuQLFjkHAPIIflzrfkJCx8/AOd4m96ZRmiU1Wi39qS5UVjV0P8qdgqOo5Cwyg=="
      },
      "Microsoft.Extensions.ObjectPool": {
        "type": "Transitive",
        "resolved": "10.0.0",
        "contentHash": "bpeCq0IYmVLACyEUMzFIOQX+zZUElG1t+nu1lSxthe7B+1oNYking7b91305+jNB6iwojp9fqTY9O+Nh7ULQxg=="
      },
      "Microsoft.IO.RecyclableMemoryStream": {
        "type": "Transitive",
        "resolved": "3.0.1",
        "contentHash": "s/s20YTVY9r9TPfTrN5g8zPF1YhwxyqO6PxUkrYTGI2B+OGPe9AdajWZrLhFqXIvqIW23fnUE4+ztrUWNU1+9g=="
      },
      "Sylvan.Data.Csv": {
        "type": "Transitive",
        "resolved": "1.3.9",
        "contentHash": "ej6VghLaUn5/GK6jGFvd5aHn3Wue+Yp2tpmyI507PBRb/lFA6WAPS+3yKGr5wtFzh0zaE53CnCxhjc0ZW8xu3g=="
      }
    }
  }
}